
Microsoft Visual Studio Solution File, Format Version 12.00
# Visual Studio Version 17
VisualStudioVersion = 17.7.34009.444
MinimumVisualStudioVersion = 10.0.40219.1
Project("{FAE04EC0-301F-11D3-BF4B-00C04F79EFBC}") = "KrypLauncher", "KrypLauncher.csproj", "{744DEF34-822E-4542-985D-5271A5D0D4BE}"
EndProject
Global
	GlobalSection(SolutionConfigurationPlatforms) = preSolution
		Debug|Any CPU = Debug|Any CPU
		Release|Any CPU = Release|Any CPU
	EndGlobalSection
	GlobalSection(ProjectConfigurationPlatforms) = postSolution
		{744DEF34-822E-4542-985D-5271A5D0D4BE}.Debug|Any CPU.ActiveCfg = Debug|Any CPU
		{744DEF34-822E-4542-985D-5271A5D0D4BE}.Debug|Any CPU.Build.0 = Debug|Any CPU
		{744DEF34-822E-4542-985D-5271A5D0D4BE}.Release|Any CPU.ActiveCfg = Release|Any CPU
		{744DEF34-822E-4542-985D-5271A5D0D4BE}.Release|Any CPU.Build.0 = Release|Any CPU
	EndGlobalSection
	GlobalSection(SolutionProperties) = preSolution
		HideSolutionNode = FALSE
	EndGlobalSection
	GlobalSection(ExtensibilityGlobals) = postSolution
		SolutionGuid = {4138908A-31BA-40F7-9B98-A97D921C03DE}
	EndGlobalSection
EndGlobal
